
Microsoft Visual Studio Solution File, Format Version 12.00
# Visual Studio Version 17
VisualStudioVersion = 17.1.32228.430
MinimumVisualStudioVersion = 10.0.40219.1
Project("{FAE04EC0-301F-11D3-BF4B-00C04F79EFBC}") = "StudentAssignment", "StudentAssignment\StudentAssignment.csproj", "{E0D64CBC-3DA7-4027-B717-04115EDB3B4E}"
EndProject
Global
	GlobalSection(SolutionConfigurationPlatforms) = preSolution
		Debug|Any CPU = Debug|Any CPU
		Release|Any CPU = Release|Any CPU
	EndGlobalSection
	GlobalSection(ProjectConfigurationPlatforms) = postSolution
		{E0D64CBC-3DA7-4027-B717-04115EDB3B4E}.Debug|Any CPU.ActiveCfg = Debug|Any CPU
		{E0D64CBC-3DA7-4027-B717-04115EDB3B4E}.Debug|Any CPU.Build.0 = Debug|Any CPU
		{E0D64CBC-3DA7-4027-B717-04115EDB3B4E}.Release|Any CPU.ActiveCfg = Release|Any CPU
		{E0D64CBC-3DA7-4027-B717-04115EDB3B4E}.Release|Any CPU.Build.0 = Release|Any CPU
	EndGlobalSection
	GlobalSection(SolutionProperties) = preSolution
		HideSolutionNode = FALSE
	EndGlobalSection
	GlobalSection(ExtensibilityGlobals) = postSolution
		SolutionGuid = {21066EAC-4BAC-448B-A03D-0C69654742A1}
	EndGlobalSection
EndGlobal
