
Microsoft Visual Studio Solution File, Format Version 12.00
# Visual Studio Version 16
VisualStudioVersion = 16.0.32510.428
MinimumVisualStudioVersion = 10.0.40219.1
Project("{FAE04EC0-301F-11D3-BF4B-00C04F79EFBC}") = "CaseStudy3", "CaseStudy3\CaseStudy3.csproj", "{DFA2CD4A-1518-44BD-829E-CC78D2CC38CD}"
EndProject
Global
	GlobalSection(SolutionConfigurationPlatforms) = preSolution
		Debug|Any CPU = Debug|Any CPU
		Release|Any CPU = Release|Any CPU
	EndGlobalSection
	GlobalSection(ProjectConfigurationPlatforms) = postSolution
		{DFA2CD4A-1518-44BD-829E-CC78D2CC38CD}.Debug|Any CPU.ActiveCfg = Debug|Any CPU
		{DFA2CD4A-1518-44BD-829E-CC78D2CC38CD}.Debug|Any CPU.Build.0 = Debug|Any CPU
		{DFA2CD4A-1518-44BD-829E-CC78D2CC38CD}.Release|Any CPU.ActiveCfg = Release|Any CPU
		{DFA2CD4A-1518-44BD-829E-CC78D2CC38CD}.Release|Any CPU.Build.0 = Release|Any CPU
	EndGlobalSection
	GlobalSection(SolutionProperties) = preSolution
		HideSolutionNode = FALSE
	EndGlobalSection
	GlobalSection(ExtensibilityGlobals) = postSolution
		SolutionGuid = {8D04A66C-22F0-4001-9613-415F62077FD0}
	EndGlobalSection
EndGlobal
