
Microsoft Visual Studio Solution File, Format Version 12.00
# Visual Studio Version 17
VisualStudioVersion = 17.1.32228.430
MinimumVisualStudioVersion = 10.0.40219.1
Project("{FAE04EC0-301F-11D3-BF4B-00C04F79EFBC}") = "MarksAssignment", "MarksAssignment\MarksAssignment.csproj", "{14D349DA-99E1-46B2-9E3A-8005777C602F}"
EndProject
Global
	GlobalSection(SolutionConfigurationPlatforms) = preSolution
		Debug|Any CPU = Debug|Any CPU
		Release|Any CPU = Release|Any CPU
	EndGlobalSection
	GlobalSection(ProjectConfigurationPlatforms) = postSolution
		{14D349DA-99E1-46B2-9E3A-8005777C602F}.Debug|Any CPU.ActiveCfg = Debug|Any CPU
		{14D349DA-99E1-46B2-9E3A-8005777C602F}.Debug|Any CPU.Build.0 = Debug|Any CPU
		{14D349DA-99E1-46B2-9E3A-8005777C602F}.Release|Any CPU.ActiveCfg = Release|Any CPU
		{14D349DA-99E1-46B2-9E3A-8005777C602F}.Release|Any CPU.Build.0 = Release|Any CPU
	EndGlobalSection
	GlobalSection(SolutionProperties) = preSolution
		HideSolutionNode = FALSE
	EndGlobalSection
	GlobalSection(ExtensibilityGlobals) = postSolution
		SolutionGuid = {E4C5EE16-B82D-4045-BA74-E109AE6CB483}
	EndGlobalSection
EndGlobal
