
Microsoft Visual Studio Solution File, Format Version 12.00
# Visual Studio Version 17
VisualStudioVersion = 17.1.32228.430
MinimumVisualStudioVersion = 10.0.40219.1
Project("{FAE04EC0-301F-11D3-BF4B-00C04F79EFBC}") = "ExceptionHandlingAssignment", "ExceptionHandlingAssignment\ExceptionHandlingAssignment.csproj", "{8D24A872-94B5-47F1-A5ED-7C9CB07393D3}"
EndProject
Global
	GlobalSection(SolutionConfigurationPlatforms) = preSolution
		Debug|Any CPU = Debug|Any CPU
		Release|Any CPU = Release|Any CPU
	EndGlobalSection
	GlobalSection(ProjectConfigurationPlatforms) = postSolution
		{8D24A872-94B5-47F1-A5ED-7C9CB07393D3}.Debug|Any CPU.ActiveCfg = Debug|Any CPU
		{8D24A872-94B5-47F1-A5ED-7C9CB07393D3}.Debug|Any CPU.Build.0 = Debug|Any CPU
		{8D24A872-94B5-47F1-A5ED-7C9CB07393D3}.Release|Any CPU.ActiveCfg = Release|Any CPU
		{8D24A872-94B5-47F1-A5ED-7C9CB07393D3}.Release|Any CPU.Build.0 = Release|Any CPU
	EndGlobalSection
	GlobalSection(SolutionProperties) = preSolution
		HideSolutionNode = FALSE
	EndGlobalSection
	GlobalSection(ExtensibilityGlobals) = postSolution
		SolutionGuid = {9FD9ED92-4F65-40B1-AA19-A5657DEC2551}
	EndGlobalSection
EndGlobal
