
Microsoft Visual Studio Solution File, Format Version 12.00
# Visual Studio Version 17
VisualStudioVersion = 17.1.32228.430
MinimumVisualStudioVersion = 10.0.40219.1
Project("{FAE04EC0-301F-11D3-BF4B-00C04F79EFBC}") = "CodeBasedTest1", "CodeBasedTest1\CodeBasedTest1.csproj", "{DFA288E4-65BD-4837-9DD6-5D6D9CC27C1A}"
EndProject
Global
	GlobalSection(SolutionConfigurationPlatforms) = preSolution
		Debug|Any CPU = Debug|Any CPU
		Release|Any CPU = Release|Any CPU
	EndGlobalSection
	GlobalSection(ProjectConfigurationPlatforms) = postSolution
		{DFA288E4-65BD-4837-9DD6-5D6D9CC27C1A}.Debug|Any CPU.ActiveCfg = Debug|Any CPU
		{DFA288E4-65BD-4837-9DD6-5D6D9CC27C1A}.Debug|Any CPU.Build.0 = Debug|Any CPU
		{DFA288E4-65BD-4837-9DD6-5D6D9CC27C1A}.Release|Any CPU.ActiveCfg = Release|Any CPU
		{DFA288E4-65BD-4837-9DD6-5D6D9CC27C1A}.Release|Any CPU.Build.0 = Release|Any CPU
	EndGlobalSection
	GlobalSection(SolutionProperties) = preSolution
		HideSolutionNode = FALSE
	EndGlobalSection
	GlobalSection(ExtensibilityGlobals) = postSolution
		SolutionGuid = {686FF96A-510B-450D-824D-29C7E3341D8F}
	EndGlobalSection
EndGlobal
