
Microsoft Visual Studio Solution File, Format Version 12.00
# Visual Studio Version 16
VisualStudioVersion = 16.0.32510.428
MinimumVisualStudioVersion = 10.0.40219.1
Project("{FAE04EC0-301F-11D3-BF4B-00C04F79EFBC}") = "javascript1", "javascript1\javascript1.csproj", "{D1DD01FF-7901-4A5F-B1AA-DA7D68D0FDCE}"
EndProject
Global
	GlobalSection(SolutionConfigurationPlatforms) = preSolution
		Debug|Any CPU = Debug|Any CPU
		Release|Any CPU = Release|Any CPU
	EndGlobalSection
	GlobalSection(ProjectConfigurationPlatforms) = postSolution
		{D1DD01FF-7901-4A5F-B1AA-DA7D68D0FDCE}.Debug|Any CPU.ActiveCfg = Debug|Any CPU
		{D1DD01FF-7901-4A5F-B1AA-DA7D68D0FDCE}.Debug|Any CPU.Build.0 = Debug|Any CPU
		{D1DD01FF-7901-4A5F-B1AA-DA7D68D0FDCE}.Release|Any CPU.ActiveCfg = Release|Any CPU
		{D1DD01FF-7901-4A5F-B1AA-DA7D68D0FDCE}.Release|Any CPU.Build.0 = Release|Any CPU
	EndGlobalSection
	GlobalSection(SolutionProperties) = preSolution
		HideSolutionNode = FALSE
	EndGlobalSection
	GlobalSection(ExtensibilityGlobals) = postSolution
		SolutionGuid = {760E4002-ED0A-4B74-A6FD-C589AF195484}
	EndGlobalSection
EndGlobal
