
Microsoft Visual Studio Solution File, Format Version 12.00
# Visual Studio Version 17
VisualStudioVersion = 17.1.32228.430
MinimumVisualStudioVersion = 10.0.40219.1
Project("{FAE04EC0-301F-11D3-BF4B-00C04F79EFBC}") = "Assignment1", "Assignment1\Assignment1.csproj", "{17A0AF97-1467-4ABC-8ABA-25BFF8640204}"
EndProject
Global
	GlobalSection(SolutionConfigurationPlatforms) = preSolution
		Debug|Any CPU = Debug|Any CPU
		Release|Any CPU = Release|Any CPU
	EndGlobalSection
	GlobalSection(ProjectConfigurationPlatforms) = postSolution
		{17A0AF97-1467-4ABC-8ABA-25BFF8640204}.Debug|Any CPU.ActiveCfg = Debug|Any CPU
		{17A0AF97-1467-4ABC-8ABA-25BFF8640204}.Debug|Any CPU.Build.0 = Debug|Any CPU
		{17A0AF97-1467-4ABC-8ABA-25BFF8640204}.Release|Any CPU.ActiveCfg = Release|Any CPU
		{17A0AF97-1467-4ABC-8ABA-25BFF8640204}.Release|Any CPU.Build.0 = Release|Any CPU
	EndGlobalSection
	GlobalSection(SolutionProperties) = preSolution
		HideSolutionNode = FALSE
	EndGlobalSection
	GlobalSection(ExtensibilityGlobals) = postSolution
		SolutionGuid = {38BA2402-7AB2-4B29-8EFB-BECACE7628B1}
	EndGlobalSection
EndGlobal
