
Microsoft Visual Studio Solution File, Format Version 12.00
# Visual Studio Version 16
VisualStudioVersion = 16.0.32510.428
MinimumVisualStudioVersion = 10.0.40219.1
Project("{FAE04EC0-301F-11D3-BF4B-00C04F79EFBC}") = "CaseStudy4", "CaseStudy4\CaseStudy4.csproj", "{CF5B5FAB-C8FB-48CD-BA2D-B79E39073CD2}"
EndProject
Global
	GlobalSection(SolutionConfigurationPlatforms) = preSolution
		Debug|Any CPU = Debug|Any CPU
		Release|Any CPU = Release|Any CPU
	EndGlobalSection
	GlobalSection(ProjectConfigurationPlatforms) = postSolution
		{CF5B5FAB-C8FB-48CD-BA2D-B79E39073CD2}.Debug|Any CPU.ActiveCfg = Debug|Any CPU
		{CF5B5FAB-C8FB-48CD-BA2D-B79E39073CD2}.Debug|Any CPU.Build.0 = Debug|Any CPU
		{CF5B5FAB-C8FB-48CD-BA2D-B79E39073CD2}.Release|Any CPU.ActiveCfg = Release|Any CPU
		{CF5B5FAB-C8FB-48CD-BA2D-B79E39073CD2}.Release|Any CPU.Build.0 = Release|Any CPU
	EndGlobalSection
	GlobalSection(SolutionProperties) = preSolution
		HideSolutionNode = FALSE
	EndGlobalSection
	GlobalSection(ExtensibilityGlobals) = postSolution
		SolutionGuid = {0A7CEA86-FF30-4A03-8B35-EF0286C75C37}
	EndGlobalSection
EndGlobal
